
Microsoft Visual Studio Solution File, Format Version 12.00
# Visual Studio Version 16
VisualStudioVersion = 16.0.30002.166
MinimumVisualStudioVersion = 10.0.40219.1
Project("{FAE04EC0-301F-11D3-BF4B-00C04F79EFBC}") = "Lesson21_Practice", "Lesson21_Practice\Lesson21_Practice.csproj", "{F0EC35E5-6C13-4B93-AA58-BB8D580C708B}"
EndProject
Global
	GlobalSection(SolutionConfigurationPlatforms) = preSolution
		Debug|Any CPU = Debug|Any CPU
		Release|Any CPU = Release|Any CPU
	EndGlobalSection
	GlobalSection(ProjectConfigurationPlatforms) = postSolution
		{F0EC35E5-6C13-4B93-AA58-BB8D580C708B}.Debug|Any CPU.ActiveCfg = Debug|Any CPU
		{F0EC35E5-6C13-4B93-AA58-BB8D580C708B}.Debug|Any CPU.Build.0 = Debug|Any CPU
		{F0EC35E5-6C13-4B93-AA58-BB8D580C708B}.Release|Any CPU.ActiveCfg = Release|Any CPU
		{F0EC35E5-6C13-4B93-AA58-BB8D580C708B}.Release|Any CPU.Build.0 = Release|Any CPU
	EndGlobalSection
	GlobalSection(SolutionProperties) = preSolution
		HideSolutionNode = FALSE
	EndGlobalSection
	GlobalSection(ExtensibilityGlobals) = postSolution
		SolutionGuid = {53035F82-B856-49E9-803F-9FA8AC354081}
	EndGlobalSection
EndGlobal
